
Microsoft Visual Studio Solution File, Format Version 12.00
# Visual Studio Version 17
VisualStudioVersion = 17.6.33829.357
MinimumVisualStudioVersion = 10.0.40219.1
Project("{FAE04EC0-301F-11D3-BF4B-00C04F79EFBC}") = "Beauty_salon", "Beauty_salon\Beauty_salon.csproj", "{8378B6EF-72C3-4A8A-95AF-F7E20046D7A9}"
EndProject
Global
	GlobalSection(SolutionConfigurationPlatforms) = preSolution
		Debug|Any CPU = Debug|Any CPU
		Release|Any CPU = Release|Any CPU
	EndGlobalSection
	GlobalSection(ProjectConfigurationPlatforms) = postSolution
		{8378B6EF-72C3-4A8A-95AF-F7E20046D7A9}.Debug|Any CPU.ActiveCfg = Debug|Any CPU
		{8378B6EF-72C3-4A8A-95AF-F7E20046D7A9}.Debug|Any CPU.Build.0 = Debug|Any CPU
		{8378B6EF-72C3-4A8A-95AF-F7E20046D7A9}.Release|Any CPU.ActiveCfg = Release|Any CPU
		{8378B6EF-72C3-4A8A-95AF-F7E20046D7A9}.Release|Any CPU.Build.0 = Release|Any CPU
	EndGlobalSection
	GlobalSection(SolutionProperties) = preSolution
		HideSolutionNode = FALSE
	EndGlobalSection
	GlobalSection(ExtensibilityGlobals) = postSolution
		SolutionGuid = {CB108409-23AC-4FC0-991C-035D93B70168}
	EndGlobalSection
EndGlobal
